
Microsoft Visual Studio Solution File, Format Version 12.00
# Visual Studio Version 17
VisualStudioVersion = 17.0.32112.339
MinimumVisualStudioVersion = 10.0.40219.1
Project("{2150E333-8FDC-42A3-9474-1A3956D46DE8}") = "src", "src", "{9A0CF459-87CC-448D-B49D-EFC3D6482AA6}"
EndProject
Project("{9A19103F-16F7-4668-BE54-9A1E7A4F7556}") = "ActiveLogin.Authentication.BankId.Api", "src\ActiveLogin.Authentication.BankId.Api\ActiveLogin.Authentication.BankId.Api.csproj", "{A15234E7-CBF9-49CD-8D13-4CB02B045881}"
EndProject
Project("{2150E333-8FDC-42A3-9474-1A3956D46DE8}") = "test", "test", "{12A0FDF2-523E-42C7-81FE-4FDCA5E66A69}"
EndProject
Project("{9A19103F-16F7-4668-BE54-9A1E7A4F7556}") = "ActiveLogin.Authentication.BankId.Api.Test", "test\ActiveLogin.Authentication.BankId.Api.Test\ActiveLogin.Authentication.BankId.Api.Test.csproj", "{478B6428-4076-4446-8358-3B0C6FCC29D5}"
EndProject
Project("{9A19103F-16F7-4668-BE54-9A1E7A4F7556}") = "ActiveLogin.Authentication.BankId.AspNetCore", "src\ActiveLogin.Authentication.BankId.AspNetCore\ActiveLogin.Authentication.BankId.AspNetCore.csproj", "{951B23A8-E123-4223-BF52-D28BD2665748}"
EndProject
Project("{2150E333-8FDC-42A3-9474-1A3956D46DE8}") = "Solution files", "Solution files", "{A62CB923-FBEA-4F05-A776-47F8F7569DA8}"
	ProjectSection(SolutionItems) = preProject
		.editorconfig = .editorconfig
		.gitignore = .gitignore
		azure-pipelines.yml = azure-pipelines.yml
		CODE_OF_CONDUCT.md = CODE_OF_CONDUCT.md
		CONTRIBUTING.md = CONTRIBUTING.md
		global.json = global.json
		LICENSE.md = LICENSE.md
		README.md = README.md
		SECURITY.md = SECURITY.md
	EndProjectSection
EndProject
Project("{2150E333-8FDC-42A3-9474-1A3956D46DE8}") = "samples", "samples", "{8E4C5EA1-1B2E-4B78-9F44-6BC85E42A752}"
EndProject
Project("{151D2E53-A2C4-4D7D-83FE-D05416EBD58E}") = "AzureProvisioningSample", "samples\AzureProvisioningSample\AzureProvisioningSample.deployproj", "{ABC52082-8A5D-426E-B25A-D92934A51A4D}"
EndProject
Project("{9A19103F-16F7-4668-BE54-9A1E7A4F7556}") = "ActiveLogin.Authentication.BankId.AspNetCore.Azure", "src\ActiveLogin.Authentication.BankId.AspNetCore.Azure\ActiveLogin.Authentication.BankId.AspNetCore.Azure.csproj", "{D113E0AC-BDF2-4EAB-A2A3-F4B31E7871C6}"
EndProject
Project("{2150E333-8FDC-42A3-9474-1A3956D46DE8}") = "docs", "docs", "{4764448D-A014-403F-A956-3F4CFFA00AF2}"
	ProjectSection(SolutionItems) = preProject
		docs\docfx.json = docs\docfx.json
		docs\index.md = docs\index.md
		docs\toc.yml = docs\toc.yml
	EndProjectSection
EndProject
Project("{2150E333-8FDC-42A3-9474-1A3956D46DE8}") = "images", "images", "{7D32EBEE-65D6-46D3-BC7E-65951C143969}"
	ProjectSection(SolutionItems) = preProject
		docs\images\active-login-logo-fingerprint-blue-256x256.png = docs\images\active-login-logo-fingerprint-blue-256x256.png
		docs\images\active-login-logo-fingerprint-blue-v2-256x256.png = docs\images\active-login-logo-fingerprint-blue-v2-256x256.png
		docs\images\active-login-monitor-screenshot_1.png = docs\images\active-login-monitor-screenshot_1.png
	EndProjectSection
EndProject
Project("{9A19103F-16F7-4668-BE54-9A1E7A4F7556}") = "ActiveLogin.Authentication.GrandId.Api", "src\ActiveLogin.Authentication.GrandId.Api\ActiveLogin.Authentication.GrandId.Api.csproj", "{00C97046-36F3-4431-9FC8-A2EED39B3EA9}"
EndProject
Project("{9A19103F-16F7-4668-BE54-9A1E7A4F7556}") = "ActiveLogin.Authentication.GrandId.AspNetCore", "src\ActiveLogin.Authentication.GrandId.AspNetCore\ActiveLogin.Authentication.GrandId.AspNetCore.csproj", "{A69DFAF3-21F8-4948-BD75-A3ECBB9117CF}"
EndProject
Project("{9A19103F-16F7-4668-BE54-9A1E7A4F7556}") = "ActiveLogin.Authentication.BankId.AspNetCore.Test", "test\ActiveLogin.Authentication.BankId.AspNetCore.Test\ActiveLogin.Authentication.BankId.AspNetCore.Test.csproj", "{2FD5CA1D-04BB-4704-B8D8-B0A566E247A9}"
EndProject
Project("{9A19103F-16F7-4668-BE54-9A1E7A4F7556}") = "ActiveLogin.Authentication.GrandId.Api.Test", "test\ActiveLogin.Authentication.GrandId.Api.Test\ActiveLogin.Authentication.GrandId.Api.Test.csproj", "{1753396A-AB3D-485A-9C60-203E2F128577}"
EndProject
Project("{9A19103F-16F7-4668-BE54-9A1E7A4F7556}") = "Standalone.MvcSample", "samples\Standalone.MvcSample\Standalone.MvcSample.csproj", "{0A1E6299-1E13-4752-B9E6-11E576FE8A93}"
EndProject
Project("{9A19103F-16F7-4668-BE54-9A1E7A4F7556}") = "IdentityServer.ServerSample", "samples\IdentityServer.ServerSample\IdentityServer.ServerSample.csproj", "{B3DE3E86-CCFC-408F-AA47-752C683A9FB6}"
EndProject
Project("{9A19103F-16F7-4668-BE54-9A1E7A4F7556}") = "IdentityServer.ClientSample", "samples\IdentityServer.ClientSample\IdentityServer.ClientSample.csproj", "{80EDD2E6-5D15-4DEF-BEE1-8DC2922E9CC2}"
EndProject
Project("{9A19103F-16F7-4668-BE54-9A1E7A4F7556}") = "ActiveLogin.Authentication.GrandId.AspNetCore.Test", "test\ActiveLogin.Authentication.GrandId.AspNetCore.Test\ActiveLogin.Authentication.GrandId.AspNetCore.Test.csproj", "{8AA5BD02-FCBB-4A1B-9BCA-7E6463D2DBA9}"
EndProject
Project("{9A19103F-16F7-4668-BE54-9A1E7A4F7556}") = "ActiveLogin.Authentication.BankId.AspNetCore.Azure.Test", "test\ActiveLogin.Authentication.BankId.AspNetCore.Azure.Test\ActiveLogin.Authentication.BankId.AspNetCore.Azure.Test.csproj", "{436397D0-EF12-45AC-BAD9-D4906C911763}"
EndProject
Project("{9A19103F-16F7-4668-BE54-9A1E7A4F7556}") = "ActiveLogin.Authentication.BankId.AspNetCore.QRCoder", "src\ActiveLogin.Authentication.BankId.AspNetCore.QRCoder\ActiveLogin.Authentication.BankId.AspNetCore.QRCoder.csproj", "{AC23B5F8-3B80-43F4-8FD1-2FA4436AF227}"
EndProject
Project("{2150E333-8FDC-42A3-9474-1A3956D46DE8}") = ".github", ".github", "{84E9CCEE-4BF2-4D8D-B70B-3FB317328F29}"
	ProjectSection(SolutionItems) = preProject
		.github\FUNDING.yml = .github\FUNDING.yml
		.github\pull_request_template.md = .github\pull_request_template.md
	EndProjectSection
EndProject
Project("{2150E333-8FDC-42A3-9474-1A3956D46DE8}") = "ISSUE_TEMPLATE", "ISSUE_TEMPLATE", "{0BF52185-1294-495F-93C0-853B87075863}"
	ProjectSection(SolutionItems) = preProject
		.github\ISSUE_TEMPLATE\bug_report.md = .github\ISSUE_TEMPLATE\bug_report.md
		.github\ISSUE_TEMPLATE\feature_request.md = .github\ISSUE_TEMPLATE\feature_request.md
	EndProjectSection
EndProject
Project("{9A19103F-16F7-4668-BE54-9A1E7A4F7556}") = "ActiveLogin.Authentication.BankId.AspNetCore.AzureMonitor", "src\ActiveLogin.Authentication.BankId.AspNetCore.AzureMonitor\ActiveLogin.Authentication.BankId.AspNetCore.AzureMonitor.csproj", "{4CCA4973-BDCC-40B3-A09B-F8256DB2A77A}"
EndProject
Project("{9A19103F-16F7-4668-BE54-9A1E7A4F7556}") = "ActiveLogin.Authentication.BankId.AspNetCore.UAParser", "src\ActiveLogin.Authentication.BankId.AspNetCore.UAParser\ActiveLogin.Authentication.BankId.AspNetCore.UAParser.csproj", "{BB808E5D-A5E6-4195-A815-37209CFD8ABD}"
EndProject
Project("{9A19103F-16F7-4668-BE54-9A1E7A4F7556}") = "ActiveLogin.Authentication.BankId.BankId.AspNetCore.UAParser.Test", "test\ActiveLogin.Authentication.BankId.BankId.AspNetCore.UAParser.Test\ActiveLogin.Authentication.BankId.BankId.AspNetCore.UAParser.Test.csproj", "{7FFD35A9-1182-4430-BFEE-AA5C71915DB3}"
EndProject
Project("{2150E333-8FDC-42A3-9474-1A3956D46DE8}") = "workflows", "workflows", "{56AC5092-82E5-47D4-8520-1DE424845E58}"
	ProjectSection(SolutionItems) = preProject
		.github\workflows\build.yml = .github\workflows\build.yml
		.github\workflows\codeql-analysis.yml = .github\workflows\codeql-analysis.yml
		.github\workflows\docs.yml = .github\workflows\docs.yml
		.github\workflows\release.yml = .github\workflows\release.yml
	EndProjectSection
EndProject
Project("{2150E333-8FDC-42A3-9474-1A3956D46DE8}") = "articles", "articles", "{A66B2FFF-0CB6-4F48-83DA-6C1F7DC98EBF}"
	ProjectSection(SolutionItems) = preProject
		docs\articles\bankid.md = docs\articles\bankid.md
		docs\articles\grandid.md = docs\articles\grandid.md
		docs\articles\monitor.md = docs\articles\monitor.md
		docs\articles\toc.yml = docs\articles\toc.yml
	EndProjectSection
EndProject
Project("{9A19103F-16F7-4668-BE54-9A1E7A4F7556}") = "ActiveLogin.Authentication.BankId.Core", "src\ActiveLogin.Authentication.BankId.Core\ActiveLogin.Authentication.BankId.Core.csproj", "{61360399-F211-4B18-88EE-2A6F4D2C1FE6}"
EndProject
Project("{9A19103F-16F7-4668-BE54-9A1E7A4F7556}") = "ActiveLogin.Authentication.BankId.Core.Test", "test\ActiveLogin.Authentication.BankId.Core.Test\ActiveLogin.Authentication.BankId.Core.Test.csproj", "{D3673E53-A774-46F0-9E44-97DF8F52D6D8}"
EndProject
Project("{FAE04EC0-301F-11D3-BF4B-00C04F79EFBC}") = "Console.FlowSample", "samples\Console.FlowSample\Console.FlowSample.csproj", "{7BEE7534-32B1-4C8B-B416-B1AF8C7B4471}"
EndProject
Global
	GlobalSection(SolutionConfigurationPlatforms) = preSolution
		Debug|Any CPU = Debug|Any CPU
		Release|Any CPU = Release|Any CPU
	EndGlobalSection
	GlobalSection(ProjectConfigurationPlatforms) = postSolution
		{A15234E7-CBF9-49CD-8D13-4CB02B045881}.Debug|Any CPU.ActiveCfg = Debug|Any CPU
		{A15234E7-CBF9-49CD-8D13-4CB02B045881}.Debug|Any CPU.Build.0 = Debug|Any CPU
		{A15234E7-CBF9-49CD-8D13-4CB02B045881}.Release|Any CPU.ActiveCfg = Release|Any CPU
		{A15234E7-CBF9-49CD-8D13-4CB02B045881}.Release|Any CPU.Build.0 = Release|Any CPU
		{478B6428-4076-4446-8358-3B0C6FCC29D5}.Debug|Any CPU.ActiveCfg = Debug|Any CPU
		{478B6428-4076-4446-8358-3B0C6FCC29D5}.Debug|Any CPU.Build.0 = Debug|Any CPU
		{478B6428-4076-4446-8358-3B0C6FCC29D5}.Release|Any CPU.ActiveCfg = Release|Any CPU
		{478B6428-4076-4446-8358-3B0C6FCC29D5}.Release|Any CPU.Build.0 = Release|Any CPU
		{951B23A8-E123-4223-BF52-D28BD2665748}.Debug|Any CPU.ActiveCfg = Debug|Any CPU
		{951B23A8-E123-4223-BF52-D28BD2665748}.Debug|Any CPU.Build.0 = Debug|Any CPU
		{951B23A8-E123-4223-BF52-D28BD2665748}.Release|Any CPU.ActiveCfg = Release|Any CPU
		{951B23A8-E123-4223-BF52-D28BD2665748}.Release|Any CPU.Build.0 = Release|Any CPU
		{ABC52082-8A5D-426E-B25A-D92934A51A4D}.Debug|Any CPU.ActiveCfg = Debug|Any CPU
		{ABC52082-8A5D-426E-B25A-D92934A51A4D}.Debug|Any CPU.Build.0 = Debug|Any CPU
		{ABC52082-8A5D-426E-B25A-D92934A51A4D}.Release|Any CPU.ActiveCfg = Release|Any CPU
		{ABC52082-8A5D-426E-B25A-D92934A51A4D}.Release|Any CPU.Build.0 = Release|Any CPU
		{D113E0AC-BDF2-4EAB-A2A3-F4B31E7871C6}.Debug|Any CPU.ActiveCfg = Debug|Any CPU
		{D113E0AC-BDF2-4EAB-A2A3-F4B31E7871C6}.Debug|Any CPU.Build.0 = Debug|Any CPU
		{D113E0AC-BDF2-4EAB-A2A3-F4B31E7871C6}.Release|Any CPU.ActiveCfg = Release|Any CPU
		{D113E0AC-BDF2-4EAB-A2A3-F4B31E7871C6}.Release|Any CPU.Build.0 = Release|Any CPU
		{00C97046-36F3-4431-9FC8-A2EED39B3EA9}.Debug|Any CPU.ActiveCfg = Debug|Any CPU
		{00C97046-36F3-4431-9FC8-A2EED39B3EA9}.Debug|Any CPU.Build.0 = Debug|Any CPU
		{00C97046-36F3-4431-9FC8-A2EED39B3EA9}.Release|Any CPU.ActiveCfg = Release|Any CPU
		{00C97046-36F3-4431-9FC8-A2EED39B3EA9}.Release|Any CPU.Build.0 = Release|Any CPU
		{A69DFAF3-21F8-4948-BD75-A3ECBB9117CF}.Debug|Any CPU.ActiveCfg = Debug|Any CPU
		{A69DFAF3-21F8-4948-BD75-A3ECBB9117CF}.Debug|Any CPU.Build.0 = Debug|Any CPU
		{A69DFAF3-21F8-4948-BD75-A3ECBB9117CF}.Release|Any CPU.ActiveCfg = Release|Any CPU
		{A69DFAF3-21F8-4948-BD75-A3ECBB9117CF}.Release|Any CPU.Build.0 = Release|Any CPU
		{2FD5CA1D-04BB-4704-B8D8-B0A566E247A9}.Debug|Any CPU.ActiveCfg = Debug|Any CPU
		{2FD5CA1D-04BB-4704-B8D8-B0A566E247A9}.Debug|Any CPU.Build.0 = Debug|Any CPU
		{2FD5CA1D-04BB-4704-B8D8-B0A566E247A9}.Release|Any CPU.ActiveCfg = Release|Any CPU
		{2FD5CA1D-04BB-4704-B8D8-B0A566E247A9}.Release|Any CPU.Build.0 = Release|Any CPU
		{1753396A-AB3D-485A-9C60-203E2F128577}.Debug|Any CPU.ActiveCfg = Debug|Any CPU
		{1753396A-AB3D-485A-9C60-203E2F128577}.Debug|Any CPU.Build.0 = Debug|Any CPU
		{1753396A-AB3D-485A-9C60-203E2F128577}.Release|Any CPU.ActiveCfg = Release|Any CPU
		{1753396A-AB3D-485A-9C60-203E2F128577}.Release|Any CPU.Build.0 = Release|Any CPU
		{0A1E6299-1E13-4752-B9E6-11E576FE8A93}.Debug|Any CPU.ActiveCfg = Debug|Any CPU
		{0A1E6299-1E13-4752-B9E6-11E576FE8A93}.Debug|Any CPU.Build.0 = Debug|Any CPU
		{0A1E6299-1E13-4752-B9E6-11E576FE8A93}.Release|Any CPU.ActiveCfg = Release|Any CPU
		{0A1E6299-1E13-4752-B9E6-11E576FE8A93}.Release|Any CPU.Build.0 = Release|Any CPU
		{B3DE3E86-CCFC-408F-AA47-752C683A9FB6}.Debug|Any CPU.ActiveCfg = Debug|Any CPU
		{B3DE3E86-CCFC-408F-AA47-752C683A9FB6}.Debug|Any CPU.Build.0 = Debug|Any CPU
		{B3DE3E86-CCFC-408F-AA47-752C683A9FB6}.Release|Any CPU.ActiveCfg = Release|Any CPU
		{B3DE3E86-CCFC-408F-AA47-752C683A9FB6}.Release|Any CPU.Build.0 = Release|Any CPU
		{80EDD2E6-5D15-4DEF-BEE1-8DC2922E9CC2}.Debug|Any CPU.ActiveCfg = Debug|Any CPU
		{80EDD2E6-5D15-4DEF-BEE1-8DC2922E9CC2}.Debug|Any CPU.Build.0 = Debug|Any CPU
		{80EDD2E6-5D15-4DEF-BEE1-8DC2922E9CC2}.Release|Any CPU.ActiveCfg = Release|Any CPU
		{80EDD2E6-5D15-4DEF-BEE1-8DC2922E9CC2}.Release|Any CPU.Build.0 = Release|Any CPU
		{8AA5BD02-FCBB-4A1B-9BCA-7E6463D2DBA9}.Debug|Any CPU.ActiveCfg = Debug|Any CPU
		{8AA5BD02-FCBB-4A1B-9BCA-7E6463D2DBA9}.Debug|Any CPU.Build.0 = Debug|Any CPU
		{8AA5BD02-FCBB-4A1B-9BCA-7E6463D2DBA9}.Release|Any CPU.ActiveCfg = Release|Any CPU
		{8AA5BD02-FCBB-4A1B-9BCA-7E6463D2DBA9}.Release|Any CPU.Build.0 = Release|Any CPU
		{436397D0-EF12-45AC-BAD9-D4906C911763}.Debug|Any CPU.ActiveCfg = Debug|Any CPU
		{436397D0-EF12-45AC-BAD9-D4906C911763}.Debug|Any CPU.Build.0 = Debug|Any CPU
		{436397D0-EF12-45AC-BAD9-D4906C911763}.Release|Any CPU.ActiveCfg = Release|Any CPU
		{436397D0-EF12-45AC-BAD9-D4906C911763}.Release|Any CPU.Build.0 = Release|Any CPU
		{AC23B5F8-3B80-43F4-8FD1-2FA4436AF227}.Debug|Any CPU.ActiveCfg = Debug|Any CPU
		{AC23B5F8-3B80-43F4-8FD1-2FA4436AF227}.Debug|Any CPU.Build.0 = Debug|Any CPU
		{AC23B5F8-3B80-43F4-8FD1-2FA4436AF227}.Release|Any CPU.ActiveCfg = Release|Any CPU
		{AC23B5F8-3B80-43F4-8FD1-2FA4436AF227}.Release|Any CPU.Build.0 = Release|Any CPU
		{4CCA4973-BDCC-40B3-A09B-F8256DB2A77A}.Debug|Any CPU.ActiveCfg = Debug|Any CPU
		{4CCA4973-BDCC-40B3-A09B-F8256DB2A77A}.Debug|Any CPU.Build.0 = Debug|Any CPU
		{4CCA4973-BDCC-40B3-A09B-F8256DB2A77A}.Release|Any CPU.ActiveCfg = Release|Any CPU
		{4CCA4973-BDCC-40B3-A09B-F8256DB2A77A}.Release|Any CPU.Build.0 = Release|Any CPU
		{BB808E5D-A5E6-4195-A815-37209CFD8ABD}.Debug|Any CPU.ActiveCfg = Debug|Any CPU
		{BB808E5D-A5E6-4195-A815-37209CFD8ABD}.Debug|Any CPU.Build.0 = Debug|Any CPU
		{BB808E5D-A5E6-4195-A815-37209CFD8ABD}.Release|Any CPU.ActiveCfg = Release|Any CPU
		{BB808E5D-A5E6-4195-A815-37209CFD8ABD}.Release|Any CPU.Build.0 = Release|Any CPU
		{7FFD35A9-1182-4430-BFEE-AA5C71915DB3}.Debug|Any CPU.ActiveCfg = Debug|Any CPU
		{7FFD35A9-1182-4430-BFEE-AA5C71915DB3}.Debug|Any CPU.Build.0 = Debug|Any CPU
		{7FFD35A9-1182-4430-BFEE-AA5C71915DB3}.Release|Any CPU.ActiveCfg = Release|Any CPU
		{7FFD35A9-1182-4430-BFEE-AA5C71915DB3}.Release|Any CPU.Build.0 = Release|Any CPU
		{61360399-F211-4B18-88EE-2A6F4D2C1FE6}.Debug|Any CPU.ActiveCfg = Debug|Any CPU
		{61360399-F211-4B18-88EE-2A6F4D2C1FE6}.Debug|Any CPU.Build.0 = Debug|Any CPU
		{61360399-F211-4B18-88EE-2A6F4D2C1FE6}.Release|Any CPU.ActiveCfg = Release|Any CPU
		{61360399-F211-4B18-88EE-2A6F4D2C1FE6}.Release|Any CPU.Build.0 = Release|Any CPU
		{D3673E53-A774-46F0-9E44-97DF8F52D6D8}.Debug|Any CPU.ActiveCfg = Debug|Any CPU
		{D3673E53-A774-46F0-9E44-97DF8F52D6D8}.Debug|Any CPU.Build.0 = Debug|Any CPU
		{D3673E53-A774-46F0-9E44-97DF8F52D6D8}.Release|Any CPU.ActiveCfg = Release|Any CPU
		{D3673E53-A774-46F0-9E44-97DF8F52D6D8}.Release|Any CPU.Build.0 = Release|Any CPU
		{7BEE7534-32B1-4C8B-B416-B1AF8C7B4471}.Debug|Any CPU.ActiveCfg = Debug|Any CPU
		{7BEE7534-32B1-4C8B-B416-B1AF8C7B4471}.Debug|Any CPU.Build.0 = Debug|Any CPU
		{7BEE7534-32B1-4C8B-B416-B1AF8C7B4471}.Release|Any CPU.ActiveCfg = Release|Any CPU
		{7BEE7534-32B1-4C8B-B416-B1AF8C7B4471}.Release|Any CPU.Build.0 = Release|Any CPU
	EndGlobalSection
	GlobalSection(SolutionProperties) = preSolution
		HideSolutionNode = FALSE
	EndGlobalSection
	GlobalSection(NestedProjects) = preSolution
		{A15234E7-CBF9-49CD-8D13-4CB02B045881} = {9A0CF459-87CC-448D-B49D-EFC3D6482AA6}
		{478B6428-4076-4446-8358-3B0C6FCC29D5} = {12A0FDF2-523E-42C7-81FE-4FDCA5E66A69}
		{951B23A8-E123-4223-BF52-D28BD2665748} = {9A0CF459-87CC-448D-B49D-EFC3D6482AA6}
		{ABC52082-8A5D-426E-B25A-D92934A51A4D} = {8E4C5EA1-1B2E-4B78-9F44-6BC85E42A752}
		{D113E0AC-BDF2-4EAB-A2A3-F4B31E7871C6} = {9A0CF459-87CC-448D-B49D-EFC3D6482AA6}
		{7D32EBEE-65D6-46D3-BC7E-65951C143969} = {4764448D-A014-403F-A956-3F4CFFA00AF2}
		{00C97046-36F3-4431-9FC8-A2EED39B3EA9} = {9A0CF459-87CC-448D-B49D-EFC3D6482AA6}
		{A69DFAF3-21F8-4948-BD75-A3ECBB9117CF} = {9A0CF459-87CC-448D-B49D-EFC3D6482AA6}
		{2FD5CA1D-04BB-4704-B8D8-B0A566E247A9} = {12A0FDF2-523E-42C7-81FE-4FDCA5E66A69}
		{1753396A-AB3D-485A-9C60-203E2F128577} = {12A0FDF2-523E-42C7-81FE-4FDCA5E66A69}
		{0A1E6299-1E13-4752-B9E6-11E576FE8A93} = {8E4C5EA1-1B2E-4B78-9F44-6BC85E42A752}
		{B3DE3E86-CCFC-408F-AA47-752C683A9FB6} = {8E4C5EA1-1B2E-4B78-9F44-6BC85E42A752}
		{80EDD2E6-5D15-4DEF-BEE1-8DC2922E9CC2} = {8E4C5EA1-1B2E-4B78-9F44-6BC85E42A752}
		{8AA5BD02-FCBB-4A1B-9BCA-7E6463D2DBA9} = {12A0FDF2-523E-42C7-81FE-4FDCA5E66A69}
		{436397D0-EF12-45AC-BAD9-D4906C911763} = {12A0FDF2-523E-42C7-81FE-4FDCA5E66A69}
		{AC23B5F8-3B80-43F4-8FD1-2FA4436AF227} = {9A0CF459-87CC-448D-B49D-EFC3D6482AA6}
		{84E9CCEE-4BF2-4D8D-B70B-3FB317328F29} = {A62CB923-FBEA-4F05-A776-47F8F7569DA8}
		{0BF52185-1294-495F-93C0-853B87075863} = {84E9CCEE-4BF2-4D8D-B70B-3FB317328F29}
		{4CCA4973-BDCC-40B3-A09B-F8256DB2A77A} = {9A0CF459-87CC-448D-B49D-EFC3D6482AA6}
		{BB808E5D-A5E6-4195-A815-37209CFD8ABD} = {9A0CF459-87CC-448D-B49D-EFC3D6482AA6}
		{7FFD35A9-1182-4430-BFEE-AA5C71915DB3} = {12A0FDF2-523E-42C7-81FE-4FDCA5E66A69}
		{56AC5092-82E5-47D4-8520-1DE424845E58} = {84E9CCEE-4BF2-4D8D-B70B-3FB317328F29}
		{A66B2FFF-0CB6-4F48-83DA-6C1F7DC98EBF} = {4764448D-A014-403F-A956-3F4CFFA00AF2}
		{61360399-F211-4B18-88EE-2A6F4D2C1FE6} = {9A0CF459-87CC-448D-B49D-EFC3D6482AA6}
		{D3673E53-A774-46F0-9E44-97DF8F52D6D8} = {12A0FDF2-523E-42C7-81FE-4FDCA5E66A69}
		{7BEE7534-32B1-4C8B-B416-B1AF8C7B4471} = {8E4C5EA1-1B2E-4B78-9F44-6BC85E42A752}
	EndGlobalSection
	GlobalSection(ExtensibilityGlobals) = postSolution
		SolutionGuid = {2076F58C-968B-489D-94CA-B3729F5DE10D}
	EndGlobalSection
EndGlobal
