
Microsoft Visual Studio Solution File, Format Version 12.00
# Visual Studio 15
VisualStudioVersion = 15.0.27130.2027
MinimumVisualStudioVersion = 10.0.40219.1
Project("{2150E333-8FDC-42A3-9474-1A3956D46DE8}") = "src", "src", "{9A0CF459-87CC-448D-B49D-EFC3D6482AA6}"
EndProject
Project("{9A19103F-16F7-4668-BE54-9A1E7A4F7556}") = "ActiveLogin.Authentication.BankId.Api", "src\ActiveLogin.Authentication.BankId.Api\ActiveLogin.Authentication.BankId.Api.csproj", "{A15234E7-CBF9-49CD-8D13-4CB02B045881}"
EndProject
Project("{2150E333-8FDC-42A3-9474-1A3956D46DE8}") = "test", "test", "{12A0FDF2-523E-42C7-81FE-4FDCA5E66A69}"
EndProject
Project("{9A19103F-16F7-4668-BE54-9A1E7A4F7556}") = "ActiveLogin.Authentication.BankId.Api.Test", "test\ActiveLogin.Authentication.BankId.Api.Test\ActiveLogin.Authentication.BankId.Api.Test.csproj", "{478B6428-4076-4446-8358-3B0C6FCC29D5}"
EndProject
Project("{9A19103F-16F7-4668-BE54-9A1E7A4F7556}") = "ActiveLogin.Authentication.Common", "src\ActiveLogin.Authentication.Common\ActiveLogin.Authentication.Common.csproj", "{7CA20690-CFD0-4963-AD72-C7800DE2958F}"
EndProject
Project("{9A19103F-16F7-4668-BE54-9A1E7A4F7556}") = "ActiveLogin.Authentication.BankId.AspNetCore", "src\ActiveLogin.Authentication.BankId.AspNetCore\ActiveLogin.Authentication.BankId.AspNetCore.csproj", "{951B23A8-E123-4223-BF52-D28BD2665748}"
EndProject
Project("{2150E333-8FDC-42A3-9474-1A3956D46DE8}") = "Solution files", "Solution files", "{A62CB923-FBEA-4F05-A776-47F8F7569DA8}"
	ProjectSection(SolutionItems) = preProject
		.gitignore = .gitignore
		CODE_OF_CONDUCT.md = CODE_OF_CONDUCT.md
		LICENSE.md = LICENSE.md
		README.md = README.md
	EndProjectSection
EndProject
Project("{2150E333-8FDC-42A3-9474-1A3956D46DE8}") = "samples", "samples", "{8E4C5EA1-1B2E-4B78-9F44-6BC85E42A752}"
EndProject
Project("{9A19103F-16F7-4668-BE54-9A1E7A4F7556}") = "IdentityServerSample", "samples\IdentityServerSample\IdentityServerSample.csproj", "{BDDC3ED8-0980-48F8-A43B-C3FED9247A12}"
EndProject
Project("{9A19103F-16F7-4668-BE54-9A1E7A4F7556}") = "MvcClientSample", "samples\MvcClientSample\MvcClientSample.csproj", "{D4F5CA24-A3E1-41E7-AD11-5B17E422BB3A}"
EndProject
Project("{151D2E53-A2C4-4D7D-83FE-D05416EBD58E}") = "AzureProvisioningSample", "samples\AzureProvisioningSample\AzureProvisioningSample.deployproj", "{ABC52082-8A5D-426E-B25A-D92934A51A4D}"
EndProject
Project("{9A19103F-16F7-4668-BE54-9A1E7A4F7556}") = "ActiveLogin.Authentication.BankId.AspNetCore.Azure", "src\ActiveLogin.Authentication.BankId.AspNetCore.Azure\ActiveLogin.Authentication.BankId.AspNetCore.Azure.csproj", "{D113E0AC-BDF2-4EAB-A2A3-F4B31E7871C6}"
EndProject
Project("{2150E333-8FDC-42A3-9474-1A3956D46DE8}") = "docs", "docs", "{4764448D-A014-403F-A956-3F4CFFA00AF2}"
	ProjectSection(SolutionItems) = preProject
		docs\getting-started-bankid.md = docs\getting-started-bankid.md
		docs\getting-started-grandid.md = docs\getting-started-grandid.md
	EndProjectSection
EndProject
Project("{2150E333-8FDC-42A3-9474-1A3956D46DE8}") = "images", "images", "{7D32EBEE-65D6-46D3-BC7E-65951C143969}"
	ProjectSection(SolutionItems) = preProject
		docs\images\active-login-logo-fingerprint-blue-256x256.png = docs\images\active-login-logo-fingerprint-blue-256x256.png
		docs\images\active-login-logo-fingerprint-blue-v2-256x256.png = docs\images\active-login-logo-fingerprint-blue-v2-256x256.png
	EndProjectSection
EndProject
Project("{9A19103F-16F7-4668-BE54-9A1E7A4F7556}") = "ActiveLogin.Authentication.GrandId.Api", "src\ActiveLogin.Authentication.GrandId.Api\ActiveLogin.Authentication.GrandId.Api.csproj", "{00C97046-36F3-4431-9FC8-A2EED39B3EA9}"
EndProject
Project("{9A19103F-16F7-4668-BE54-9A1E7A4F7556}") = "ActiveLogin.Authentication.GrandId.AspNetCore", "src\ActiveLogin.Authentication.GrandId.AspNetCore\ActiveLogin.Authentication.GrandId.AspNetCore.csproj", "{A69DFAF3-21F8-4948-BD75-A3ECBB9117CF}"
EndProject
Project("{9A19103F-16F7-4668-BE54-9A1E7A4F7556}") = "ActiveLogin.Authentication.BankId.AspNetCore.Test", "test\ActiveLogin.Authentication.BankId.AspNetCore.Test\ActiveLogin.Authentication.BankId.AspNetCore.Test.csproj", "{2FD5CA1D-04BB-4704-B8D8-B0A566E247A9}"
EndProject
Global
	GlobalSection(SolutionConfigurationPlatforms) = preSolution
		Debug|Any CPU = Debug|Any CPU
		Release|Any CPU = Release|Any CPU
	EndGlobalSection
	GlobalSection(ProjectConfigurationPlatforms) = postSolution
		{A15234E7-CBF9-49CD-8D13-4CB02B045881}.Debug|Any CPU.ActiveCfg = Debug|Any CPU
		{A15234E7-CBF9-49CD-8D13-4CB02B045881}.Debug|Any CPU.Build.0 = Debug|Any CPU
		{A15234E7-CBF9-49CD-8D13-4CB02B045881}.Release|Any CPU.ActiveCfg = Release|Any CPU
		{A15234E7-CBF9-49CD-8D13-4CB02B045881}.Release|Any CPU.Build.0 = Release|Any CPU
		{478B6428-4076-4446-8358-3B0C6FCC29D5}.Debug|Any CPU.ActiveCfg = Debug|Any CPU
		{478B6428-4076-4446-8358-3B0C6FCC29D5}.Debug|Any CPU.Build.0 = Debug|Any CPU
		{478B6428-4076-4446-8358-3B0C6FCC29D5}.Release|Any CPU.ActiveCfg = Release|Any CPU
		{478B6428-4076-4446-8358-3B0C6FCC29D5}.Release|Any CPU.Build.0 = Release|Any CPU
		{7CA20690-CFD0-4963-AD72-C7800DE2958F}.Debug|Any CPU.ActiveCfg = Debug|Any CPU
		{7CA20690-CFD0-4963-AD72-C7800DE2958F}.Debug|Any CPU.Build.0 = Debug|Any CPU
		{7CA20690-CFD0-4963-AD72-C7800DE2958F}.Release|Any CPU.ActiveCfg = Release|Any CPU
		{7CA20690-CFD0-4963-AD72-C7800DE2958F}.Release|Any CPU.Build.0 = Release|Any CPU
		{951B23A8-E123-4223-BF52-D28BD2665748}.Debug|Any CPU.ActiveCfg = Debug|Any CPU
		{951B23A8-E123-4223-BF52-D28BD2665748}.Debug|Any CPU.Build.0 = Debug|Any CPU
		{951B23A8-E123-4223-BF52-D28BD2665748}.Release|Any CPU.ActiveCfg = Release|Any CPU
		{951B23A8-E123-4223-BF52-D28BD2665748}.Release|Any CPU.Build.0 = Release|Any CPU
		{BDDC3ED8-0980-48F8-A43B-C3FED9247A12}.Debug|Any CPU.ActiveCfg = Debug|Any CPU
		{BDDC3ED8-0980-48F8-A43B-C3FED9247A12}.Debug|Any CPU.Build.0 = Debug|Any CPU
		{BDDC3ED8-0980-48F8-A43B-C3FED9247A12}.Release|Any CPU.ActiveCfg = Release|Any CPU
		{BDDC3ED8-0980-48F8-A43B-C3FED9247A12}.Release|Any CPU.Build.0 = Release|Any CPU
		{D4F5CA24-A3E1-41E7-AD11-5B17E422BB3A}.Debug|Any CPU.ActiveCfg = Debug|Any CPU
		{D4F5CA24-A3E1-41E7-AD11-5B17E422BB3A}.Debug|Any CPU.Build.0 = Debug|Any CPU
		{D4F5CA24-A3E1-41E7-AD11-5B17E422BB3A}.Release|Any CPU.ActiveCfg = Release|Any CPU
		{D4F5CA24-A3E1-41E7-AD11-5B17E422BB3A}.Release|Any CPU.Build.0 = Release|Any CPU
		{ABC52082-8A5D-426E-B25A-D92934A51A4D}.Debug|Any CPU.ActiveCfg = Debug|Any CPU
		{ABC52082-8A5D-426E-B25A-D92934A51A4D}.Debug|Any CPU.Build.0 = Debug|Any CPU
		{ABC52082-8A5D-426E-B25A-D92934A51A4D}.Release|Any CPU.ActiveCfg = Release|Any CPU
		{ABC52082-8A5D-426E-B25A-D92934A51A4D}.Release|Any CPU.Build.0 = Release|Any CPU
		{D113E0AC-BDF2-4EAB-A2A3-F4B31E7871C6}.Debug|Any CPU.ActiveCfg = Debug|Any CPU
		{D113E0AC-BDF2-4EAB-A2A3-F4B31E7871C6}.Debug|Any CPU.Build.0 = Debug|Any CPU
		{D113E0AC-BDF2-4EAB-A2A3-F4B31E7871C6}.Release|Any CPU.ActiveCfg = Release|Any CPU
		{D113E0AC-BDF2-4EAB-A2A3-F4B31E7871C6}.Release|Any CPU.Build.0 = Release|Any CPU
		{00C97046-36F3-4431-9FC8-A2EED39B3EA9}.Debug|Any CPU.ActiveCfg = Debug|Any CPU
		{00C97046-36F3-4431-9FC8-A2EED39B3EA9}.Debug|Any CPU.Build.0 = Debug|Any CPU
		{00C97046-36F3-4431-9FC8-A2EED39B3EA9}.Release|Any CPU.ActiveCfg = Release|Any CPU
		{00C97046-36F3-4431-9FC8-A2EED39B3EA9}.Release|Any CPU.Build.0 = Release|Any CPU
		{A69DFAF3-21F8-4948-BD75-A3ECBB9117CF}.Debug|Any CPU.ActiveCfg = Debug|Any CPU
		{A69DFAF3-21F8-4948-BD75-A3ECBB9117CF}.Debug|Any CPU.Build.0 = Debug|Any CPU
		{A69DFAF3-21F8-4948-BD75-A3ECBB9117CF}.Release|Any CPU.ActiveCfg = Release|Any CPU
		{A69DFAF3-21F8-4948-BD75-A3ECBB9117CF}.Release|Any CPU.Build.0 = Release|Any CPU
		{2FD5CA1D-04BB-4704-B8D8-B0A566E247A9}.Debug|Any CPU.ActiveCfg = Debug|Any CPU
		{2FD5CA1D-04BB-4704-B8D8-B0A566E247A9}.Debug|Any CPU.Build.0 = Debug|Any CPU
		{2FD5CA1D-04BB-4704-B8D8-B0A566E247A9}.Release|Any CPU.ActiveCfg = Release|Any CPU
		{2FD5CA1D-04BB-4704-B8D8-B0A566E247A9}.Release|Any CPU.Build.0 = Release|Any CPU
	EndGlobalSection
	GlobalSection(SolutionProperties) = preSolution
		HideSolutionNode = FALSE
	EndGlobalSection
	GlobalSection(NestedProjects) = preSolution
		{A15234E7-CBF9-49CD-8D13-4CB02B045881} = {9A0CF459-87CC-448D-B49D-EFC3D6482AA6}
		{478B6428-4076-4446-8358-3B0C6FCC29D5} = {12A0FDF2-523E-42C7-81FE-4FDCA5E66A69}
		{7CA20690-CFD0-4963-AD72-C7800DE2958F} = {9A0CF459-87CC-448D-B49D-EFC3D6482AA6}
		{951B23A8-E123-4223-BF52-D28BD2665748} = {9A0CF459-87CC-448D-B49D-EFC3D6482AA6}
		{BDDC3ED8-0980-48F8-A43B-C3FED9247A12} = {8E4C5EA1-1B2E-4B78-9F44-6BC85E42A752}
		{D4F5CA24-A3E1-41E7-AD11-5B17E422BB3A} = {8E4C5EA1-1B2E-4B78-9F44-6BC85E42A752}
		{ABC52082-8A5D-426E-B25A-D92934A51A4D} = {8E4C5EA1-1B2E-4B78-9F44-6BC85E42A752}
		{D113E0AC-BDF2-4EAB-A2A3-F4B31E7871C6} = {9A0CF459-87CC-448D-B49D-EFC3D6482AA6}
		{7D32EBEE-65D6-46D3-BC7E-65951C143969} = {4764448D-A014-403F-A956-3F4CFFA00AF2}
		{00C97046-36F3-4431-9FC8-A2EED39B3EA9} = {9A0CF459-87CC-448D-B49D-EFC3D6482AA6}
		{A69DFAF3-21F8-4948-BD75-A3ECBB9117CF} = {9A0CF459-87CC-448D-B49D-EFC3D6482AA6}
		{2FD5CA1D-04BB-4704-B8D8-B0A566E247A9} = {12A0FDF2-523E-42C7-81FE-4FDCA5E66A69}
	EndGlobalSection
	GlobalSection(ExtensibilityGlobals) = postSolution
		SolutionGuid = {2076F58C-968B-489D-94CA-B3729F5DE10D}
	EndGlobalSection
EndGlobal
